// !$*UTF8*$!
{
	archiveVersion = 1;
	classes = {
	};
	objectVersion = 46;
	objects = {

/* Begin PBXBuildFile section */
		0666BC291EE4F22000D5F30D /* main.m in Sources */ = {isa = PBXBuildFile; fileRef = 0666BC281EE4F22000D5F30D /* main.m */; };
		0666BC2C1EE4F22000D5F30D /* AppDelegate.m in Sources */ = {isa = PBXBuildFile; fileRef = 0666BC2B1EE4F22000D5F30D /* AppDelegate.m */; };
		0666BC2F1EE4F22000D5F30D /* ViewController.m in Sources */ = {isa = PBXBuildFile; fileRef = 0666BC2E1EE4F22000D5F30D /* ViewController.m */; };
		0666BC321EE4F22000D5F30D /* Main.storyboard in Resources */ = {isa = PBXBuildFile; fileRef = 0666BC301EE4F22000D5F30D /* Main.storyboard */; };
		0666BC341EE4F22000D5F30D /* Assets.xcassets in Resources */ = {isa = PBXBuildFile; fileRef = 0666BC331EE4F22000D5F30D /* Assets.xcassets */; };
		0666BC371EE4F22000D5F30D /* LaunchScreen.storyboard in Resources */ = {isa = PBXBuildFile; fileRef = 0666BC351EE4F22000D5F30D /* LaunchScreen.storyboard */; };
		0666BC411EE4F2D400D5F30D /* DropDownMenu.m in Sources */ = {isa = PBXBuildFile; fileRef = 0666BC401EE4F2D400D5F30D /* DropDownMenu.m */; };
		0689C3511EEA3E2D003473BC /* icon_make.png in Resources */ = {isa = PBXBuildFile; fileRef = 0689C34F1EEA3E2D003473BC /* icon_make.png */; };
		0689C3521EEA3E2D003473BC /* white_gou.png in Resources */ = {isa = PBXBuildFile; fileRef = 0689C3501EEA3E2D003473BC /* white_gou.png */; };
/* End PBXBuildFile section */

/* Begin PBXFileReference section */
		0666BC241EE4F22000D5F30D /* DTDropDownMenu.app */ = {isa = PBXFileReference; explicitFileType = wrapper.application; includeInIndex = 0; path = DTDropDownMenu.app; sourceTree = BUILT_PRODUCTS_DIR; };
		0666BC281EE4F22000D5F30D /* main.m */ = {isa = PBXFileReference; lastKnownFileType = sourcecode.c.objc; path = main.m; sourceTree = "<group>"; };
		0666BC2A1EE4F22000D5F30D /* AppDelegate.h */ = {isa = PBXFileReference; lastKnownFileType = sourcecode.c.h; path = AppDelegate.h; sourceTree = "<group>"; };
		0666BC2B1EE4F22000D5F30D /* AppDelegate.m */ = {isa = PBXFileReference; lastKnownFileType = sourcecode.c.objc; path = AppDelegate.m; sourceTree = "<group>"; };
		0666BC2D1EE4F22000D5F30D /* ViewController.h */ = {isa = PBXFileReference; lastKnownFileType = sourcecode.c.h; path = ViewController.h; sourceTree = "<group>"; };
		0666BC2E1EE4F22000D5F30D /* ViewController.m */ = {isa = PBXFileReference; lastKnownFileType = sourcecode.c.objc; path = ViewController.m; sourceTree = "<group>"; };
		0666BC311EE4F22000D5F30D /* Base */ = {isa = PBXFileReference; lastKnownFileType = file.storyboard; name = Base; path = Base.lproj/Main.storyboard; sourceTree = "<group>"; };
		0666BC331EE4F22000D5F30D /* Assets.xcassets */ = {isa = PBXFileReference; lastKnownFileType = folder.assetcatalog; path = Assets.xcassets; sourceTree = "<group>"; };
		0666BC361EE4F22000D5F30D /* Base */ = {isa = PBXFileReference; lastKnownFileType = file.storyboard; name = Base; path = Base.lproj/LaunchScreen.storyboard; sourceTree = "<group>"; };
		0666BC381EE4F22000D5F30D /* Info.plist */ = {isa = PBXFileReference; lastKnownFileType = text.plist.xml; path = Info.plist; sourceTree = "<group>"; };
		0666BC3F1EE4F2D400D5F30D /* DropDownMenu.h */ = {isa = PBXFileReference; fileEncoding = 4; lastKnownFileType = sourcecode.c.h; path = DropDownMenu.h; sourceTree = "<group>"; };
		0666BC401EE4F2D400D5F30D /* DropDownMenu.m */ = {isa = PBXFileReference; fileEncoding = 4; lastKnownFileType = sourcecode.c.objc; path = DropDownMenu.m; sourceTree = "<group>"; };
		0689C34F1EEA3E2D003473BC /* icon_make.png */ = {isa = PBXFileReference; lastKnownFileType = image.png; path = icon_make.png; sourceTree = "<group>"; };
		0689C3501EEA3E2D003473BC /* white_gou.png */ = {isa = PBXFileReference; lastKnownFileType = image.png; path = white_gou.png; sourceTree = "<group>"; };
/* End PBXFileReference section */

/* Begin PBXFrameworksBuildPhase section */
		0666BC211EE4F22000D5F30D /* Frameworks */ = {
			isa = PBXFrameworksBuildPhase;
			buildActionMask = 2147483647;
			files = (
			);
			runOnlyForDeploymentPostprocessing = 0;
		};
/* End PBXFrameworksBuildPhase section */

/* Begin PBXGroup section */
		0666BC1B1EE4F22000D5F30D = {
			isa = PBXGroup;
			children = (
				0666BC261EE4F22000D5F30D /* DTDropDownMenu */,
				0666BC251EE4F22000D5F30D /* Products */,
			);
			sourceTree = "<group>";
		};
		0666BC251EE4F22000D5F30D /* Products */ = {
			isa = PBXGroup;
			children = (
				0666BC241EE4F22000D5F30D /* DTDropDownMenu.app */,
			);
			name = Products;
			sourceTree = "<group>";
		};
		0666BC261EE4F22000D5F30D /* DTDropDownMenu */ = {
			isa = PBXGroup;
			children = (
				0666BC2A1EE4F22000D5F30D /* AppDelegate.h */,
				0666BC2B1EE4F22000D5F30D /* AppDelegate.m */,
				0666BC2D1EE4F22000D5F30D /* ViewController.h */,
				0666BC2E1EE4F22000D5F30D /* ViewController.m */,
				0666BC3E1EE4F27500D5F30D /* DropDownMenu */,
				0666BC301EE4F22000D5F30D /* Main.storyboard */,
				0666BC331EE4F22000D5F30D /* Assets.xcassets */,
				0666BC351EE4F22000D5F30D /* LaunchScreen.storyboard */,
				0666BC381EE4F22000D5F30D /* Info.plist */,
				0666BC271EE4F22000D5F30D /* Supporting Files */,
			);
			path = DTDropDownMenu;
			sourceTree = "<group>";
		};
		0666BC271EE4F22000D5F30D /* Supporting Files */ = {
			isa = PBXGroup;
			children = (
				0666BC281EE4F22000D5F30D /* main.m */,
			);
			name = "Supporting Files";
			sourceTree = "<group>";
		};
		0666BC3E1EE4F27500D5F30D /* DropDownMenu */ = {
			isa = PBXGroup;
			children = (
				0689C34F1EEA3E2D003473BC /* icon_make.png */,
				0689C3501EEA3E2D003473BC /* white_gou.png */,
				0666BC3F1EE4F2D400D5F30D /* DropDownMenu.h */,
				0666BC401EE4F2D400D5F30D /* DropDownMenu.m */,
			);
			path = DropDownMenu;
			sourceTree = "<group>";
		};
/* End PBXGroup section */

/* Begin PBXNativeTarget section */
		0666BC231EE4F22000D5F30D /* DTDropDownMenu */ = {
			isa = PBXNativeTarget;
			buildConfigurationList = 0666BC3B1EE4F22000D5F30D /* Build configuration list for PBXNativeTarget "DTDropDownMenu" */;
			buildPhases = (
				0666BC201EE4F22000D5F30D /* Sources */,
				0666BC211EE4F22000D5F30D /* Frameworks */,
				0666BC221EE4F22000D5F30D /* Resources */,
			);
			buildRules = (
			);
			dependencies = (
			);
			name = DTDropDownMenu;
			productName = DTDropDownMenu;
			productReference = 0666BC241EE4F22000D5F30D /* DTDropDownMenu.app */;
			productType = "com.apple.product-type.application";
		};
/* End PBXNativeTarget section */

/* Begin PBXProject section */
		0666BC1C1EE4F22000D5F30D /* Project object */ = {
			isa = PBXProject;
			attributes = {
				LastUpgradeCheck = 0830;
				ORGANIZATIONNAME = JingXian;
				TargetAttributes = {
					0666BC231EE4F22000D5F30D = {
						CreatedOnToolsVersion = 8.3;
						DevelopmentTeam = RAGM772GXX;
						ProvisioningStyle = Automatic;
					};
				};
			};
			buildConfigurationList = 0666BC1F1EE4F22000D5F30D /* Build configuration list for PBXProject "DTDropDownMenu" */;
			compatibilityVersion = "Xcode 3.2";
			developmentRegion = English;
			hasScannedForEncodings = 0;
			knownRegions = (
				en,
				Base,
			);
			mainGroup = 0666BC1B1EE4F22000D5F30D;
			productRefGroup = 0666BC251EE4F22000D5F30D /* Products */;
			projectDirPath = "";
			projectRoot = "";
			targets = (
				0666BC231EE4F22000D5F30D /* DTDropDownMenu */,
			);
		};
/* End PBXProject section */

/* Begin PBXResourcesBuildPhase section */
		0666BC221EE4F22000D5F30D /* Resources */ = {
			isa = PBXResourcesBuildPhase;
			buildActionMask = 2147483647;
			files = (
				0666BC371EE4F22000D5F30D /* LaunchScreen.storyboard in Resources */,
				0689C3521EEA3E2D003473BC /* white_gou.png in Resources */,
				0666BC341EE4F22000D5F30D /* Assets.xcassets in Resources */,
				0689C3511EEA3E2D003473BC /* icon_make.png in Resources */,
				0666BC321EE4F22000D5F30D /* Main.storyboard in Resources */,
			);
			runOnlyForDeploymentPostprocessing = 0;
		};
/* End PBXResourcesBuildPhase section */

/* Begin PBXSourcesBuildPhase section */
		0666BC201EE4F22000D5F30D /* Sources */ = {
			isa = PBXSourcesBuildPhase;
			buildActionMask = 2147483647;
			files = (
				0666BC2F1EE4F22000D5F30D /* ViewController.m in Sources */,
				0666BC2C1EE4F22000D5F30D /* AppDelegate.m in Sources */,
				0666BC291EE4F22000D5F30D /* main.m in Sources */,
				0666BC411EE4F2D400D5F30D /* DropDownMenu.m in Sources */,
			);
			runOnlyForDeploymentPostprocessing = 0;
		};
/* End PBXSourcesBuildPhase section */

/* Begin PBXVariantGroup section */
		0666BC301EE4F22000D5F30D /* Main.storyboard */ = {
			isa = PBXVariantGroup;
			children = (
				0666BC311EE4F22000D5F30D /* Base */,
			);
			name = Main.storyboard;
			sourceTree = "<group>";
		};
		0666BC351EE4F22000D5F30D /* LaunchScreen.storyboard */ = {
			isa = PBXVariantGroup;
			children = (
				0666BC361EE4F22000D5F30D /* Base */,
			);
			name = LaunchScreen.storyboard;
			sourceTree = "<group>";
		};
/* End PBXVariantGroup section */

/* Begin XCBuildConfiguration section */
		0666BC391EE4F22000D5F30D /* Debug */ = {
			isa = XCBuildConfiguration;
			buildSettings = {
				ALWAYS_SEARCH_USER_PATHS = NO;
				CLANG_ANALYZER_NONNULL = YES;
				CLANG_ANALYZER_NUMBER_OBJECT_CONVERSION = YES_AGGRESSIVE;
				CLANG_CXX_LANGUAGE_STANDARD = "gnu++0x";
				CLANG_CXX_LIBRARY = "libc++";
				CLANG_ENABLE_MODULES = YES;
				CLANG_ENABLE_OBJC_ARC = YES;
				CLANG_WARN_BOOL_CONVERSION = YES;
				CLANG_WARN_CONSTANT_CONVERSION = YES;
				CLANG_WARN_DIRECT_OBJC_ISA_USAGE = YES_ERROR;
				CLANG_WARN_DOCUMENTATION_COMMENTS = YES;
				CLANG_WARN_EMPTY_BODY = YES;
				CLANG_WARN_ENUM_CONVERSION = YES;
				CLANG_WARN_INFINITE_RECURSION = YES;
				CLANG_WARN_INT_CONVERSION = YES;
				CLANG_WARN_OBJC_ROOT_CLASS = YES_ERROR;
				CLANG_WARN_SUSPICIOUS_MOVE = YES;
				CLANG_WARN_UNREACHABLE_CODE = YES;
				CLANG_WARN__DUPLICATE_METHOD_MATCH = YES;
				"CODE_SIGN_IDENTITY[sdk=iphoneos*]" = "iPhone Developer";
				COPY_PHASE_STRIP = NO;
				DEBUG_INFORMATION_FORMAT = dwarf;
				ENABLE_STRICT_OBJC_MSGSEND = YES;
				ENABLE_TESTABILITY = YES;
				GCC_C_LANGUAGE_STANDARD = gnu99;
				GCC_DYNAMIC_NO_PIC = NO;
				GCC_NO_COMMON_BLOCKS = YES;
				GCC_OPTIMIZATION_LEVEL = 0;
				GCC_PREPROCESSOR_DEFINITIONS = (
					"DEBUG=1",
					"$(inherited)",
				);
				GCC_WARN_64_TO_32_BIT_CONVERSION = YES;
				GCC_WARN_ABOUT_RETURN_TYPE = YES_ERROR;
				GCC_WARN_UNDECLARED_SELECTOR = YES;
				GCC_WARN_UNINITIALIZED_AUTOS = YES_AGGRESSIVE;
				GCC_WARN_UNUSED_FUNCTION = YES;
				GCC_WARN_UNUSED_VARIABLE = YES;
				IPHONEOS_DEPLOYMENT_TARGET = 10.3;
				MTL_ENABLE_DEBUG_INFO = YES;
				ONLY_ACTIVE_ARCH = YES;
				SDKROOT = iphoneos;
			};
			name = Debug;
		};
		0666BC3A1EE4F22000D5F30D /* Release */ = {
			isa = XCBuildConfiguration;
			buildSettings = {
				ALWAYS_SEARCH_USER_PATHS = NO;
				CLANG_ANALYZER_NONNULL = YES;
				CLANG_ANALYZER_NUMBER_OBJECT_CONVERSION = YES_AGGRESSIVE;
				CLANG_CXX_LANGUAGE_STANDARD = "gnu++0x";
				CLANG_CXX_LIBRARY = "libc++";
				CLANG_ENABLE_MODULES = YES;
				CLANG_ENABLE_OBJC_ARC = YES;
				CLANG_WARN_BOOL_CONVERSION = YES;
				CLANG_WARN_CONSTANT_CONVERSION = YES;
				CLANG_WARN_DIRECT_OBJC_ISA_USAGE = YES_ERROR;
				CLANG_WARN_DOCUMENTATION_COMMENTS = YES;
				CLANG_WARN_EMPTY_BODY = YES;
				CLANG_WARN_ENUM_CONVERSION = YES;
				CLANG_WARN_INFINITE_RECURSION = YES;
				CLANG_WARN_INT_CONVERSION = YES;
				CLANG_WARN_OBJC_ROOT_CLASS = YES_ERROR;
				CLANG_WARN_SUSPICIOUS_MOVE = YES;
				CLANG_WARN_UNREACHABLE_CODE = YES;
				CLANG_WARN__DUPLICATE_METHOD_MATCH = YES;
				"CODE_SIGN_IDENTITY[sdk=iphoneos*]" = "iPhone Developer";
				COPY_PHASE_STRIP = NO;
				DEBUG_INFORMATION_FORMAT = "dwarf-with-dsym";
				ENABLE_NS_ASSERTIONS = NO;
				ENABLE_STRICT_OBJC_MSGSEND = YES;
				GCC_C_LANGUAGE_STANDARD = gnu99;
				GCC_NO_COMMON_BLOCKS = YES;
				GCC_WARN_64_TO_32_BIT_CONVERSION = YES;
				GCC_WARN_ABOUT_RETURN_TYPE = YES_ERROR;
				GCC_WARN_UNDECLARED_SELECTOR = YES;
				GCC_WARN_UNINITIALIZED_AUTOS = YES_AGGRESSIVE;
				GCC_WARN_UNUSED_FUNCTION = YES;
				GCC_WARN_UNUSED_VARIABLE = YES;
				IPHONEOS_DEPLOYMENT_TARGET = 10.3;
				MTL_ENABLE_DEBUG_INFO = NO;
				SDKROOT = iphoneos;
				VALIDATE_PRODUCT = YES;
			};
			name = Release;
		};
		0666BC3C1EE4F22000D5F30D /* Debug */ = {
			isa = XCBuildConfiguration;
			buildSettings = {
				ASSETCATALOG_COMPILER_APPICON_NAME = AppIcon;
				DEVELOPMENT_TEAM = RAGM772GXX;
				INFOPLIST_FILE = DTDropDownMenu/Info.plist;
				IPHONEOS_DEPLOYMENT_TARGET = 8.0;
				LD_RUNPATH_SEARCH_PATHS = "$(inherited) @executable_path/Frameworks";
				PRODUCT_BUNDLE_IDENTIFIER = com.jingxian.DTDropDownMenu;
				PRODUCT_NAME = "$(TARGET_NAME)";
			};
			name = Debug;
		};
		0666BC3D1EE4F22000D5F30D /* Release */ = {
			isa = XCBuildConfiguration;
			buildSettings = {
				ASSETCATALOG_COMPILER_APPICON_NAME = AppIcon;
				DEVELOPMENT_TEAM = RAGM772GXX;
				INFOPLIST_FILE = DTDropDownMenu/Info.plist;
				IPHONEOS_DEPLOYMENT_TARGET = 8.0;
				LD_RUNPATH_SEARCH_PATHS = "$(inherited) @executable_path/Frameworks";
				PRODUCT_BUNDLE_IDENTIFIER = com.jingxian.DTDropDownMenu;
				PRODUCT_NAME = "$(TARGET_NAME)";
			};
			name = Release;
		};
/* End XCBuildConfiguration section */

/* Begin XCConfigurationList section */
		0666BC1F1EE4F22000D5F30D /* Build configuration list for PBXProject "DTDropDownMenu" */ = {
			isa = XCConfigurationList;
			buildConfigurations = (
				0666BC391EE4F22000D5F30D /* Debug */,
				0666BC3A1EE4F22000D5F30D /* Release */,
			);
			defaultConfigurationIsVisible = 0;
			defaultConfigurationName = Release;
		};
		0666BC3B1EE4F22000D5F30D /* Build configuration list for PBXNativeTarget "DTDropDownMenu" */ = {
			isa = XCConfigurationList;
			buildConfigurations = (
				0666BC3C1EE4F22000D5F30D /* Debug */,
				0666BC3D1EE4F22000D5F30D /* Release */,
			);
			defaultConfigurationIsVisible = 0;
			defaultConfigurationName = Release;
		};
/* End XCConfigurationList section */
	};
	rootObject = 0666BC1C1EE4F22000D5F30D /* Project object */;
}
